
Microsoft Visual Studio Solution File, Format Version 12.00
# Visual Studio Version 16
VisualStudioVersion = 16.0.29424.173
MinimumVisualStudioVersion = 10.0.40219.1
Project("{9A19103F-16F7-4668-BE54-9A1E7A4F7556}") = "EventiApplication.WebAPI", "EventiApplication.WebAPI\EventiApplication.WebAPI.csproj", "{AD0772D1-A8D1-4BE8-9257-1D720E831CC3}"
EndProject
Project("{9A19103F-16F7-4668-BE54-9A1E7A4F7556}") = "EventiApplication.Model", "EventiApplication.Model\EventiApplication.Model.csproj", "{E33C2179-207D-4FD4-AE26-8AD629461179}"
EndProject
Project("{FAE04EC0-301F-11D3-BF4B-00C04F79EFBC}") = "EventiApplication.WinUI", "EventiApplication.WinUI\EventiApplication.WinUI.csproj", "{9364C68F-D78F-4C93-AECB-574F794374D1}"
EndProject
Project("{2150E333-8FDC-42A3-9474-1A3956D46DE8}") = "EventiApplication.MobileApp", "EventiApplication.MobileApp", "{D14D016A-63A1-4931-B42A-E35161267829}"
EndProject
Project("{FAE04EC0-301F-11D3-BF4B-00C04F79EFBC}") = "EventiApplication.Mobile.UWP", "EventiApplication.Mobile\EventiApplication.Mobile.UWP\EventiApplication.Mobile.UWP.csproj", "{429F3859-CCB1-4A57-A7B1-849FF67022D3}"
EndProject
Project("{FAE04EC0-301F-11D3-BF4B-00C04F79EFBC}") = "EventiApplication.Mobile.Android", "EventiApplication.Mobile\EventiApplication.Mobile.Android\EventiApplication.Mobile.Android.csproj", "{4609B114-3FDA-40B5-BEAD-3FE83B29CA21}"
EndProject
Project("{FAE04EC0-301F-11D3-BF4B-00C04F79EFBC}") = "EventiApplication.Mobile.iOS", "EventiApplication.Mobile\EventiApplication.Mobile.iOS\EventiApplication.Mobile.iOS.csproj", "{F3C511AF-1A21-4520-B47D-0010BCC74EE4}"
EndProject
Project("{9A19103F-16F7-4668-BE54-9A1E7A4F7556}") = "EventiApplication.Mobile", "EventiApplication.Mobile\EventiApplication.Mobile\EventiApplication.Mobile.csproj", "{219AF7E7-9D6F-4E55-9F53-BBBB119EA824}"
EndProject
Global
	GlobalSection(SolutionConfigurationPlatforms) = preSolution
		Debug|Any CPU = Debug|Any CPU
		Debug|ARM = Debug|ARM
		Debug|iPhone = Debug|iPhone
		Debug|iPhoneSimulator = Debug|iPhoneSimulator
		Debug|x64 = Debug|x64
		Debug|x86 = Debug|x86
		Release|Any CPU = Release|Any CPU
		Release|ARM = Release|ARM
		Release|iPhone = Release|iPhone
		Release|iPhoneSimulator = Release|iPhoneSimulator
		Release|x64 = Release|x64
		Release|x86 = Release|x86
	EndGlobalSection
	GlobalSection(ProjectConfigurationPlatforms) = postSolution
		{AD0772D1-A8D1-4BE8-9257-1D720E831CC3}.Debug|Any CPU.ActiveCfg = Debug|Any CPU
		{AD0772D1-A8D1-4BE8-9257-1D720E831CC3}.Debug|Any CPU.Build.0 = Debug|Any CPU
		{AD0772D1-A8D1-4BE8-9257-1D720E831CC3}.Debug|ARM.ActiveCfg = Debug|Any CPU
		{AD0772D1-A8D1-4BE8-9257-1D720E831CC3}.Debug|ARM.Build.0 = Debug|Any CPU
		{AD0772D1-A8D1-4BE8-9257-1D720E831CC3}.Debug|iPhone.ActiveCfg = Debug|Any CPU
		{AD0772D1-A8D1-4BE8-9257-1D720E831CC3}.Debug|iPhone.Build.0 = Debug|Any CPU
		{AD0772D1-A8D1-4BE8-9257-1D720E831CC3}.Debug|iPhoneSimulator.ActiveCfg = Debug|Any CPU
		{AD0772D1-A8D1-4BE8-9257-1D720E831CC3}.Debug|iPhoneSimulator.Build.0 = Debug|Any CPU
		{AD0772D1-A8D1-4BE8-9257-1D720E831CC3}.Debug|x64.ActiveCfg = Debug|Any CPU
		{AD0772D1-A8D1-4BE8-9257-1D720E831CC3}.Debug|x64.Build.0 = Debug|Any CPU
		{AD0772D1-A8D1-4BE8-9257-1D720E831CC3}.Debug|x86.ActiveCfg = Debug|Any CPU
		{AD0772D1-A8D1-4BE8-9257-1D720E831CC3}.Debug|x86.Build.0 = Debug|Any CPU
		{AD0772D1-A8D1-4BE8-9257-1D720E831CC3}.Release|Any CPU.ActiveCfg = Release|Any CPU
		{AD0772D1-A8D1-4BE8-9257-1D720E831CC3}.Release|Any CPU.Build.0 = Release|Any CPU
		{AD0772D1-A8D1-4BE8-9257-1D720E831CC3}.Release|ARM.ActiveCfg = Release|Any CPU
		{AD0772D1-A8D1-4BE8-9257-1D720E831CC3}.Release|ARM.Build.0 = Release|Any CPU
		{AD0772D1-A8D1-4BE8-9257-1D720E831CC3}.Release|iPhone.ActiveCfg = Release|Any CPU
		{AD0772D1-A8D1-4BE8-9257-1D720E831CC3}.Release|iPhone.Build.0 = Release|Any CPU
		{AD0772D1-A8D1-4BE8-9257-1D720E831CC3}.Release|iPhoneSimulator.ActiveCfg = Release|Any CPU
		{AD0772D1-A8D1-4BE8-9257-1D720E831CC3}.Release|iPhoneSimulator.Build.0 = Release|Any CPU
		{AD0772D1-A8D1-4BE8-9257-1D720E831CC3}.Release|x64.ActiveCfg = Release|Any CPU
		{AD0772D1-A8D1-4BE8-9257-1D720E831CC3}.Release|x64.Build.0 = Release|Any CPU
		{AD0772D1-A8D1-4BE8-9257-1D720E831CC3}.Release|x86.ActiveCfg = Release|Any CPU
		{AD0772D1-A8D1-4BE8-9257-1D720E831CC3}.Release|x86.Build.0 = Release|Any CPU
		{E33C2179-207D-4FD4-AE26-8AD629461179}.Debug|Any CPU.ActiveCfg = Debug|Any CPU
		{E33C2179-207D-4FD4-AE26-8AD629461179}.Debug|Any CPU.Build.0 = Debug|Any CPU
		{E33C2179-207D-4FD4-AE26-8AD629461179}.Debug|ARM.ActiveCfg = Debug|Any CPU
		{E33C2179-207D-4FD4-AE26-8AD629461179}.Debug|ARM.Build.0 = Debug|Any CPU
		{E33C2179-207D-4FD4-AE26-8AD629461179}.Debug|iPhone.ActiveCfg = Debug|Any CPU
		{E33C2179-207D-4FD4-AE26-8AD629461179}.Debug|iPhone.Build.0 = Debug|Any CPU
		{E33C2179-207D-4FD4-AE26-8AD629461179}.Debug|iPhoneSimulator.ActiveCfg = Debug|Any CPU
		{E33C2179-207D-4FD4-AE26-8AD629461179}.Debug|iPhoneSimulator.Build.0 = Debug|Any CPU
		{E33C2179-207D-4FD4-AE26-8AD629461179}.Debug|x64.ActiveCfg = Debug|Any CPU
		{E33C2179-207D-4FD4-AE26-8AD629461179}.Debug|x64.Build.0 = Debug|Any CPU
		{E33C2179-207D-4FD4-AE26-8AD629461179}.Debug|x86.ActiveCfg = Debug|Any CPU
		{E33C2179-207D-4FD4-AE26-8AD629461179}.Debug|x86.Build.0 = Debug|Any CPU
		{E33C2179-207D-4FD4-AE26-8AD629461179}.Release|Any CPU.ActiveCfg = Release|Any CPU
		{E33C2179-207D-4FD4-AE26-8AD629461179}.Release|Any CPU.Build.0 = Release|Any CPU
		{E33C2179-207D-4FD4-AE26-8AD629461179}.Release|ARM.ActiveCfg = Release|Any CPU
		{E33C2179-207D-4FD4-AE26-8AD629461179}.Release|ARM.Build.0 = Release|Any CPU
		{E33C2179-207D-4FD4-AE26-8AD629461179}.Release|iPhone.ActiveCfg = Release|Any CPU
		{E33C2179-207D-4FD4-AE26-8AD629461179}.Release|iPhone.Build.0 = Release|Any CPU
		{E33C2179-207D-4FD4-AE26-8AD629461179}.Release|iPhoneSimulator.ActiveCfg = Release|Any CPU
		{E33C2179-207D-4FD4-AE26-8AD629461179}.Release|iPhoneSimulator.Build.0 = Release|Any CPU
		{E33C2179-207D-4FD4-AE26-8AD629461179}.Release|x64.ActiveCfg = Release|Any CPU
		{E33C2179-207D-4FD4-AE26-8AD629461179}.Release|x64.Build.0 = Release|Any CPU
		{E33C2179-207D-4FD4-AE26-8AD629461179}.Release|x86.ActiveCfg = Release|Any CPU
		{E33C2179-207D-4FD4-AE26-8AD629461179}.Release|x86.Build.0 = Release|Any CPU
		{9364C68F-D78F-4C93-AECB-574F794374D1}.Debug|Any CPU.ActiveCfg = Debug|Any CPU
		{9364C68F-D78F-4C93-AECB-574F794374D1}.Debug|Any CPU.Build.0 = Debug|Any CPU
		{9364C68F-D78F-4C93-AECB-574F794374D1}.Debug|ARM.ActiveCfg = Debug|Any CPU
		{9364C68F-D78F-4C93-AECB-574F794374D1}.Debug|ARM.Build.0 = Debug|Any CPU
		{9364C68F-D78F-4C93-AECB-574F794374D1}.Debug|iPhone.ActiveCfg = Debug|Any CPU
		{9364C68F-D78F-4C93-AECB-574F794374D1}.Debug|iPhone.Build.0 = Debug|Any CPU
		{9364C68F-D78F-4C93-AECB-574F794374D1}.Debug|iPhoneSimulator.ActiveCfg = Debug|Any CPU
		{9364C68F-D78F-4C93-AECB-574F794374D1}.Debug|iPhoneSimulator.Build.0 = Debug|Any CPU
		{9364C68F-D78F-4C93-AECB-574F794374D1}.Debug|x64.ActiveCfg = Debug|Any CPU
		{9364C68F-D78F-4C93-AECB-574F794374D1}.Debug|x64.Build.0 = Debug|Any CPU
		{9364C68F-D78F-4C93-AECB-574F794374D1}.Debug|x86.ActiveCfg = Debug|Any CPU
		{9364C68F-D78F-4C93-AECB-574F794374D1}.Debug|x86.Build.0 = Debug|Any CPU
		{9364C68F-D78F-4C93-AECB-574F794374D1}.Release|Any CPU.ActiveCfg = Release|Any CPU
		{9364C68F-D78F-4C93-AECB-574F794374D1}.Release|Any CPU.Build.0 = Release|Any CPU
		{9364C68F-D78F-4C93-AECB-574F794374D1}.Release|ARM.ActiveCfg = Release|Any CPU
		{9364C68F-D78F-4C93-AECB-574F794374D1}.Release|ARM.Build.0 = Release|Any CPU
		{9364C68F-D78F-4C93-AECB-574F794374D1}.Release|iPhone.ActiveCfg = Release|Any CPU
		{9364C68F-D78F-4C93-AECB-574F794374D1}.Release|iPhone.Build.0 = Release|Any CPU
		{9364C68F-D78F-4C93-AECB-574F794374D1}.Release|iPhoneSimulator.ActiveCfg = Release|Any CPU
		{9364C68F-D78F-4C93-AECB-574F794374D1}.Release|iPhoneSimulator.Build.0 = Release|Any CPU
		{9364C68F-D78F-4C93-AECB-574F794374D1}.Release|x64.ActiveCfg = Release|Any CPU
		{9364C68F-D78F-4C93-AECB-574F794374D1}.Release|x64.Build.0 = Release|Any CPU
		{9364C68F-D78F-4C93-AECB-574F794374D1}.Release|x86.ActiveCfg = Release|Any CPU
		{9364C68F-D78F-4C93-AECB-574F794374D1}.Release|x86.Build.0 = Release|Any CPU
		{429F3859-CCB1-4A57-A7B1-849FF67022D3}.Debug|Any CPU.ActiveCfg = Debug|x86
		{429F3859-CCB1-4A57-A7B1-849FF67022D3}.Debug|ARM.ActiveCfg = Debug|ARM
		{429F3859-CCB1-4A57-A7B1-849FF67022D3}.Debug|ARM.Build.0 = Debug|ARM
		{429F3859-CCB1-4A57-A7B1-849FF67022D3}.Debug|ARM.Deploy.0 = Debug|ARM
		{429F3859-CCB1-4A57-A7B1-849FF67022D3}.Debug|iPhone.ActiveCfg = Debug|x86
		{429F3859-CCB1-4A57-A7B1-849FF67022D3}.Debug|iPhoneSimulator.ActiveCfg = Debug|x86
		{429F3859-CCB1-4A57-A7B1-849FF67022D3}.Debug|x64.ActiveCfg = Debug|x64
		{429F3859-CCB1-4A57-A7B1-849FF67022D3}.Debug|x64.Build.0 = Debug|x64
		{429F3859-CCB1-4A57-A7B1-849FF67022D3}.Debug|x64.Deploy.0 = Debug|x64
		{429F3859-CCB1-4A57-A7B1-849FF67022D3}.Debug|x86.ActiveCfg = Debug|x86
		{429F3859-CCB1-4A57-A7B1-849FF67022D3}.Debug|x86.Build.0 = Debug|x86
		{429F3859-CCB1-4A57-A7B1-849FF67022D3}.Debug|x86.Deploy.0 = Debug|x86
		{429F3859-CCB1-4A57-A7B1-849FF67022D3}.Release|Any CPU.ActiveCfg = Release|x86
		{429F3859-CCB1-4A57-A7B1-849FF67022D3}.Release|ARM.ActiveCfg = Release|ARM
		{429F3859-CCB1-4A57-A7B1-849FF67022D3}.Release|ARM.Build.0 = Release|ARM
		{429F3859-CCB1-4A57-A7B1-849FF67022D3}.Release|ARM.Deploy.0 = Release|ARM
		{429F3859-CCB1-4A57-A7B1-849FF67022D3}.Release|iPhone.ActiveCfg = Release|x86
		{429F3859-CCB1-4A57-A7B1-849FF67022D3}.Release|iPhoneSimulator.ActiveCfg = Release|x86
		{429F3859-CCB1-4A57-A7B1-849FF67022D3}.Release|x64.ActiveCfg = Release|x64
		{429F3859-CCB1-4A57-A7B1-849FF67022D3}.Release|x64.Build.0 = Release|x64
		{429F3859-CCB1-4A57-A7B1-849FF67022D3}.Release|x64.Deploy.0 = Release|x64
		{429F3859-CCB1-4A57-A7B1-849FF67022D3}.Release|x86.ActiveCfg = Release|x86
		{429F3859-CCB1-4A57-A7B1-849FF67022D3}.Release|x86.Build.0 = Release|x86
		{429F3859-CCB1-4A57-A7B1-849FF67022D3}.Release|x86.Deploy.0 = Release|x86
		{4609B114-3FDA-40B5-BEAD-3FE83B29CA21}.Debug|Any CPU.ActiveCfg = Debug|Any CPU
		{4609B114-3FDA-40B5-BEAD-3FE83B29CA21}.Debug|Any CPU.Build.0 = Debug|Any CPU
		{4609B114-3FDA-40B5-BEAD-3FE83B29CA21}.Debug|Any CPU.Deploy.0 = Debug|Any CPU
		{4609B114-3FDA-40B5-BEAD-3FE83B29CA21}.Debug|ARM.ActiveCfg = Debug|Any CPU
		{4609B114-3FDA-40B5-BEAD-3FE83B29CA21}.Debug|ARM.Build.0 = Debug|Any CPU
		{4609B114-3FDA-40B5-BEAD-3FE83B29CA21}.Debug|ARM.Deploy.0 = Debug|Any CPU
		{4609B114-3FDA-40B5-BEAD-3FE83B29CA21}.Debug|iPhone.ActiveCfg = Debug|Any CPU
		{4609B114-3FDA-40B5-BEAD-3FE83B29CA21}.Debug|iPhone.Build.0 = Debug|Any CPU
		{4609B114-3FDA-40B5-BEAD-3FE83B29CA21}.Debug|iPhone.Deploy.0 = Debug|Any CPU
		{4609B114-3FDA-40B5-BEAD-3FE83B29CA21}.Debug|iPhoneSimulator.ActiveCfg = Debug|Any CPU
		{4609B114-3FDA-40B5-BEAD-3FE83B29CA21}.Debug|iPhoneSimulator.Build.0 = Debug|Any CPU
		{4609B114-3FDA-40B5-BEAD-3FE83B29CA21}.Debug|iPhoneSimulator.Deploy.0 = Debug|Any CPU
		{4609B114-3FDA-40B5-BEAD-3FE83B29CA21}.Debug|x64.ActiveCfg = Debug|Any CPU
		{4609B114-3FDA-40B5-BEAD-3FE83B29CA21}.Debug|x64.Build.0 = Debug|Any CPU
		{4609B114-3FDA-40B5-BEAD-3FE83B29CA21}.Debug|x64.Deploy.0 = Debug|Any CPU
		{4609B114-3FDA-40B5-BEAD-3FE83B29CA21}.Debug|x86.ActiveCfg = Debug|Any CPU
		{4609B114-3FDA-40B5-BEAD-3FE83B29CA21}.Debug|x86.Build.0 = Debug|Any CPU
		{4609B114-3FDA-40B5-BEAD-3FE83B29CA21}.Debug|x86.Deploy.0 = Debug|Any CPU
		{4609B114-3FDA-40B5-BEAD-3FE83B29CA21}.Release|Any CPU.ActiveCfg = Release|Any CPU
		{4609B114-3FDA-40B5-BEAD-3FE83B29CA21}.Release|Any CPU.Build.0 = Release|Any CPU
		{4609B114-3FDA-40B5-BEAD-3FE83B29CA21}.Release|Any CPU.Deploy.0 = Release|Any CPU
		{4609B114-3FDA-40B5-BEAD-3FE83B29CA21}.Release|ARM.ActiveCfg = Release|Any CPU
		{4609B114-3FDA-40B5-BEAD-3FE83B29CA21}.Release|ARM.Build.0 = Release|Any CPU
		{4609B114-3FDA-40B5-BEAD-3FE83B29CA21}.Release|ARM.Deploy.0 = Release|Any CPU
		{4609B114-3FDA-40B5-BEAD-3FE83B29CA21}.Release|iPhone.ActiveCfg = Release|Any CPU
		{4609B114-3FDA-40B5-BEAD-3FE83B29CA21}.Release|iPhone.Build.0 = Release|Any CPU
		{4609B114-3FDA-40B5-BEAD-3FE83B29CA21}.Release|iPhone.Deploy.0 = Release|Any CPU
		{4609B114-3FDA-40B5-BEAD-3FE83B29CA21}.Release|iPhoneSimulator.ActiveCfg = Release|Any CPU
		{4609B114-3FDA-40B5-BEAD-3FE83B29CA21}.Release|iPhoneSimulator.Build.0 = Release|Any CPU
		{4609B114-3FDA-40B5-BEAD-3FE83B29CA21}.Release|iPhoneSimulator.Deploy.0 = Release|Any CPU
		{4609B114-3FDA-40B5-BEAD-3FE83B29CA21}.Release|x64.ActiveCfg = Release|Any CPU
		{4609B114-3FDA-40B5-BEAD-3FE83B29CA21}.Release|x64.Build.0 = Release|Any CPU
		{4609B114-3FDA-40B5-BEAD-3FE83B29CA21}.Release|x64.Deploy.0 = Release|Any CPU
		{4609B114-3FDA-40B5-BEAD-3FE83B29CA21}.Release|x86.ActiveCfg = Release|Any CPU
		{4609B114-3FDA-40B5-BEAD-3FE83B29CA21}.Release|x86.Build.0 = Release|Any CPU
		{4609B114-3FDA-40B5-BEAD-3FE83B29CA21}.Release|x86.Deploy.0 = Release|Any CPU
		{F3C511AF-1A21-4520-B47D-0010BCC74EE4}.Debug|Any CPU.ActiveCfg = Debug|iPhone
		{F3C511AF-1A21-4520-B47D-0010BCC74EE4}.Debug|ARM.ActiveCfg = Debug|iPhone
		{F3C511AF-1A21-4520-B47D-0010BCC74EE4}.Debug|iPhone.ActiveCfg = Debug|iPhone
		{F3C511AF-1A21-4520-B47D-0010BCC74EE4}.Debug|iPhone.Build.0 = Debug|iPhone
		{F3C511AF-1A21-4520-B47D-0010BCC74EE4}.Debug|iPhoneSimulator.ActiveCfg = Debug|iPhoneSimulator
		{F3C511AF-1A21-4520-B47D-0010BCC74EE4}.Debug|iPhoneSimulator.Build.0 = Debug|iPhoneSimulator
		{F3C511AF-1A21-4520-B47D-0010BCC74EE4}.Debug|x64.ActiveCfg = Debug|iPhone
		{F3C511AF-1A21-4520-B47D-0010BCC74EE4}.Debug|x86.ActiveCfg = Debug|iPhone
		{F3C511AF-1A21-4520-B47D-0010BCC74EE4}.Release|Any CPU.ActiveCfg = Release|iPhone
		{F3C511AF-1A21-4520-B47D-0010BCC74EE4}.Release|ARM.ActiveCfg = Release|iPhone
		{F3C511AF-1A21-4520-B47D-0010BCC74EE4}.Release|iPhone.ActiveCfg = Release|iPhone
		{F3C511AF-1A21-4520-B47D-0010BCC74EE4}.Release|iPhone.Build.0 = Release|iPhone
		{F3C511AF-1A21-4520-B47D-0010BCC74EE4}.Release|iPhoneSimulator.ActiveCfg = Release|iPhoneSimulator
		{F3C511AF-1A21-4520-B47D-0010BCC74EE4}.Release|iPhoneSimulator.Build.0 = Release|iPhoneSimulator
		{F3C511AF-1A21-4520-B47D-0010BCC74EE4}.Release|x64.ActiveCfg = Release|iPhone
		{F3C511AF-1A21-4520-B47D-0010BCC74EE4}.Release|x86.ActiveCfg = Release|iPhone
		{219AF7E7-9D6F-4E55-9F53-BBBB119EA824}.Debug|Any CPU.ActiveCfg = Debug|Any CPU
		{219AF7E7-9D6F-4E55-9F53-BBBB119EA824}.Debug|Any CPU.Build.0 = Debug|Any CPU
		{219AF7E7-9D6F-4E55-9F53-BBBB119EA824}.Debug|ARM.ActiveCfg = Debug|Any CPU
		{219AF7E7-9D6F-4E55-9F53-BBBB119EA824}.Debug|ARM.Build.0 = Debug|Any CPU
		{219AF7E7-9D6F-4E55-9F53-BBBB119EA824}.Debug|iPhone.ActiveCfg = Debug|Any CPU
		{219AF7E7-9D6F-4E55-9F53-BBBB119EA824}.Debug|iPhone.Build.0 = Debug|Any CPU
		{219AF7E7-9D6F-4E55-9F53-BBBB119EA824}.Debug|iPhoneSimulator.ActiveCfg = Debug|Any CPU
		{219AF7E7-9D6F-4E55-9F53-BBBB119EA824}.Debug|iPhoneSimulator.Build.0 = Debug|Any CPU
		{219AF7E7-9D6F-4E55-9F53-BBBB119EA824}.Debug|x64.ActiveCfg = Debug|Any CPU
		{219AF7E7-9D6F-4E55-9F53-BBBB119EA824}.Debug|x64.Build.0 = Debug|Any CPU
		{219AF7E7-9D6F-4E55-9F53-BBBB119EA824}.Debug|x86.ActiveCfg = Debug|Any CPU
		{219AF7E7-9D6F-4E55-9F53-BBBB119EA824}.Debug|x86.Build.0 = Debug|Any CPU
		{219AF7E7-9D6F-4E55-9F53-BBBB119EA824}.Release|Any CPU.ActiveCfg = Release|Any CPU
		{219AF7E7-9D6F-4E55-9F53-BBBB119EA824}.Release|Any CPU.Build.0 = Release|Any CPU
		{219AF7E7-9D6F-4E55-9F53-BBBB119EA824}.Release|ARM.ActiveCfg = Release|Any CPU
		{219AF7E7-9D6F-4E55-9F53-BBBB119EA824}.Release|ARM.Build.0 = Release|Any CPU
		{219AF7E7-9D6F-4E55-9F53-BBBB119EA824}.Release|iPhone.ActiveCfg = Release|Any CPU
		{219AF7E7-9D6F-4E55-9F53-BBBB119EA824}.Release|iPhone.Build.0 = Release|Any CPU
		{219AF7E7-9D6F-4E55-9F53-BBBB119EA824}.Release|iPhoneSimulator.ActiveCfg = Release|Any CPU
		{219AF7E7-9D6F-4E55-9F53-BBBB119EA824}.Release|iPhoneSimulator.Build.0 = Release|Any CPU
		{219AF7E7-9D6F-4E55-9F53-BBBB119EA824}.Release|x64.ActiveCfg = Release|Any CPU
		{219AF7E7-9D6F-4E55-9F53-BBBB119EA824}.Release|x64.Build.0 = Release|Any CPU
		{219AF7E7-9D6F-4E55-9F53-BBBB119EA824}.Release|x86.ActiveCfg = Release|Any CPU
		{219AF7E7-9D6F-4E55-9F53-BBBB119EA824}.Release|x86.Build.0 = Release|Any CPU
	EndGlobalSection
	GlobalSection(SolutionProperties) = preSolution
		HideSolutionNode = FALSE
	EndGlobalSection
	GlobalSection(NestedProjects) = preSolution
		{429F3859-CCB1-4A57-A7B1-849FF67022D3} = {D14D016A-63A1-4931-B42A-E35161267829}
		{4609B114-3FDA-40B5-BEAD-3FE83B29CA21} = {D14D016A-63A1-4931-B42A-E35161267829}
		{F3C511AF-1A21-4520-B47D-0010BCC74EE4} = {D14D016A-63A1-4931-B42A-E35161267829}
		{219AF7E7-9D6F-4E55-9F53-BBBB119EA824} = {D14D016A-63A1-4931-B42A-E35161267829}
	EndGlobalSection
	GlobalSection(ExtensibilityGlobals) = postSolution
		SolutionGuid = {7A022CC8-E570-4704-9666-3E7630E4DD96}
	EndGlobalSection
EndGlobal
